// !$*UTF8*$!
{
	archiveVersion = 1;
	classes = {
	};
	objectVersion = 46;
	objects = {

/* Begin PBXBuildFile section */
		00F75510187A7C9800A98804 /* Foundation.framework in Frameworks */ = {isa = PBXBuildFile; fileRef = 00F7550F187A7C9800A98804 /* Foundation.framework */; };
		00F75512187A7C9800A98804 /* CoreGraphics.framework in Frameworks */ = {isa = PBXBuildFile; fileRef = 00F75511187A7C9800A98804 /* CoreGraphics.framework */; };
		00F75514187A7C9800A98804 /* UIKit.framework in Frameworks */ = {isa = PBXBuildFile; fileRef = 00F75513187A7C9800A98804 /* UIKit.framework */; };
		00F7551A187A7C9800A98804 /* InfoPlist.strings in Resources */ = {isa = PBXBuildFile; fileRef = 00F75518187A7C9800A98804 /* InfoPlist.strings */; };
		00F7551C187A7C9800A98804 /* main.m in Sources */ = {isa = PBXBuildFile; fileRef = 00F7551B187A7C9800A98804 /* main.m */; };
		00F75520187A7C9800A98804 /* AppDelegate.m in Sources */ = {isa = PBXBuildFile; fileRef = 00F7551F187A7C9800A98804 /* AppDelegate.m */; };
		00F75523187A7C9800A98804 /* Main.storyboard in Resources */ = {isa = PBXBuildFile; fileRef = 00F75521187A7C9800A98804 /* Main.storyboard */; };
		00F75526187A7C9800A98804 /* ViewController.m in Sources */ = {isa = PBXBuildFile; fileRef = 00F75525187A7C9800A98804 /* ViewController.m */; };
		00F75528187A7C9800A98804 /* Images.xcassets in Resources */ = {isa = PBXBuildFile; fileRef = 00F75527187A7C9800A98804 /* Images.xcassets */; };
		00F7552F187A7C9900A98804 /* XCTest.framework in Frameworks */ = {isa = PBXBuildFile; fileRef = 00F7552E187A7C9900A98804 /* XCTest.framework */; };
		00F75530187A7C9900A98804 /* Foundation.framework in Frameworks */ = {isa = PBXBuildFile; fileRef = 00F7550F187A7C9800A98804 /* Foundation.framework */; };
		00F75531187A7C9900A98804 /* UIKit.framework in Frameworks */ = {isa = PBXBuildFile; fileRef = 00F75513187A7C9800A98804 /* UIKit.framework */; };
		00F75539187A7C9900A98804 /* InfoPlist.strings in Resources */ = {isa = PBXBuildFile; fileRef = 00F75537187A7C9900A98804 /* InfoPlist.strings */; };
		00F7553B187A7C9900A98804 /* ImagePickerViewTests.m in Sources */ = {isa = PBXBuildFile; fileRef = 00F7553A187A7C9900A98804 /* ImagePickerViewTests.m */; };
		00F7558E187A8AA100A98804 /* snsd1.jpg in Resources */ = {isa = PBXBuildFile; fileRef = 00F75585187A8AA100A98804 /* snsd1.jpg */; };
		00F7558F187A8AA100A98804 /* snsd2.jpg in Resources */ = {isa = PBXBuildFile; fileRef = 00F75586187A8AA100A98804 /* snsd2.jpg */; };
		00F75590187A8AA100A98804 /* snsd3.jpg in Resources */ = {isa = PBXBuildFile; fileRef = 00F75587187A8AA100A98804 /* snsd3.jpg */; };
		00F75591187A8AA100A98804 /* snsd4.jpg in Resources */ = {isa = PBXBuildFile; fileRef = 00F75588187A8AA100A98804 /* snsd4.jpg */; };
		00F75592187A8AA100A98804 /* snsd5.jpg in Resources */ = {isa = PBXBuildFile; fileRef = 00F75589187A8AA100A98804 /* snsd5.jpg */; };
		00F75593187A8AA100A98804 /* snsd6.jpg in Resources */ = {isa = PBXBuildFile; fileRef = 00F7558A187A8AA100A98804 /* snsd6.jpg */; };
		00F75594187A8AA100A98804 /* snsd7.jpg in Resources */ = {isa = PBXBuildFile; fileRef = 00F7558B187A8AA100A98804 /* snsd7.jpg */; };
		00F75595187A8AA100A98804 /* snsd8.jpg in Resources */ = {isa = PBXBuildFile; fileRef = 00F7558C187A8AA100A98804 /* snsd8.jpg */; };
		00F75596187A8AA100A98804 /* snsd9.jpg in Resources */ = {isa = PBXBuildFile; fileRef = 00F7558D187A8AA100A98804 /* snsd9.jpg */; };
/* End PBXBuildFile section */

/* Begin PBXContainerItemProxy section */
		00F75532187A7C9900A98804 /* PBXContainerItemProxy */ = {
			isa = PBXContainerItemProxy;
			containerPortal = 00F75504187A7C9800A98804 /* Project object */;
			proxyType = 1;
			remoteGlobalIDString = 00F7550B187A7C9800A98804;
			remoteInfo = ImagePickerView;
		};
/* End PBXContainerItemProxy section */

/* Begin PBXFileReference section */
		00F7550C187A7C9800A98804 /* ImagePickerView.app */ = {isa = PBXFileReference; explicitFileType = wrapper.application; includeInIndex = 0; path = ImagePickerView.app; sourceTree = BUILT_PRODUCTS_DIR; };
		00F7550F187A7C9800A98804 /* Foundation.framework */ = {isa = PBXFileReference; lastKnownFileType = wrapper.framework; name = Foundation.framework; path = System/Library/Frameworks/Foundation.framework; sourceTree = SDKROOT; };
		00F75511187A7C9800A98804 /* CoreGraphics.framework */ = {isa = PBXFileReference; lastKnownFileType = wrapper.framework; name = CoreGraphics.framework; path = System/Library/Frameworks/CoreGraphics.framework; sourceTree = SDKROOT; };
		00F75513187A7C9800A98804 /* UIKit.framework */ = {isa = PBXFileReference; lastKnownFileType = wrapper.framework; name = UIKit.framework; path = System/Library/Frameworks/UIKit.framework; sourceTree = SDKROOT; };
		00F75517187A7C9800A98804 /* ImagePickerView-Info.plist */ = {isa = PBXFileReference; lastKnownFileType = text.plist.xml; path = "ImagePickerView-Info.plist"; sourceTree = "<group>"; };
		00F75519187A7C9800A98804 /* en */ = {isa = PBXFileReference; lastKnownFileType = text.plist.strings; name = en; path = en.lproj/InfoPlist.strings; sourceTree = "<group>"; };
		00F7551B187A7C9800A98804 /* main.m */ = {isa = PBXFileReference; lastKnownFileType = sourcecode.c.objc; path = main.m; sourceTree = "<group>"; };
		00F7551D187A7C9800A98804 /* ImagePickerView-Prefix.pch */ = {isa = PBXFileReference; lastKnownFileType = sourcecode.c.h; path = "ImagePickerView-Prefix.pch"; sourceTree = "<group>"; };
		00F7551E187A7C9800A98804 /* AppDelegate.h */ = {isa = PBXFileReference; lastKnownFileType = sourcecode.c.h; path = AppDelegate.h; sourceTree = "<group>"; };
		00F7551F187A7C9800A98804 /* AppDelegate.m */ = {isa = PBXFileReference; lastKnownFileType = sourcecode.c.objc; path = AppDelegate.m; sourceTree = "<group>"; };
		00F75522187A7C9800A98804 /* Base */ = {isa = PBXFileReference; lastKnownFileType = file.storyboard; name = Base; path = Base.lproj/Main.storyboard; sourceTree = "<group>"; };
		00F75524187A7C9800A98804 /* ViewController.h */ = {isa = PBXFileReference; lastKnownFileType = sourcecode.c.h; path = ViewController.h; sourceTree = "<group>"; };
		00F75525187A7C9800A98804 /* ViewController.m */ = {isa = PBXFileReference; lastKnownFileType = sourcecode.c.objc; path = ViewController.m; sourceTree = "<group>"; };
		00F75527187A7C9800A98804 /* Images.xcassets */ = {isa = PBXFileReference; lastKnownFileType = folder.assetcatalog; path = Images.xcassets; sourceTree = "<group>"; };
		00F7552D187A7C9900A98804 /* ImagePickerViewTests.xctest */ = {isa = PBXFileReference; explicitFileType = wrapper.cfbundle; includeInIndex = 0; path = ImagePickerViewTests.xctest; sourceTree = BUILT_PRODUCTS_DIR; };
		00F7552E187A7C9900A98804 /* XCTest.framework */ = {isa = PBXFileReference; lastKnownFileType = wrapper.framework; name = XCTest.framework; path = Library/Frameworks/XCTest.framework; sourceTree = DEVELOPER_DIR; };
		00F75536187A7C9900A98804 /* ImagePickerViewTests-Info.plist */ = {isa = PBXFileReference; lastKnownFileType = text.plist.xml; path = "ImagePickerViewTests-Info.plist"; sourceTree = "<group>"; };
		00F75538187A7C9900A98804 /* en */ = {isa = PBXFileReference; lastKnownFileType = text.plist.strings; name = en; path = en.lproj/InfoPlist.strings; sourceTree = "<group>"; };
		00F7553A187A7C9900A98804 /* ImagePickerViewTests.m */ = {isa = PBXFileReference; lastKnownFileType = sourcecode.c.objc; path = ImagePickerViewTests.m; sourceTree = "<group>"; };
		00F75585187A8AA100A98804 /* snsd1.jpg */ = {isa = PBXFileReference; lastKnownFileType = image.jpeg; path = snsd1.jpg; sourceTree = "<group>"; };
		00F75586187A8AA100A98804 /* snsd2.jpg */ = {isa = PBXFileReference; lastKnownFileType = image.jpeg; path = snsd2.jpg; sourceTree = "<group>"; };
		00F75587187A8AA100A98804 /* snsd3.jpg */ = {isa = PBXFileReference; lastKnownFileType = image.jpeg; path = snsd3.jpg; sourceTree = "<group>"; };
		00F75588187A8AA100A98804 /* snsd4.jpg */ = {isa = PBXFileReference; lastKnownFileType = image.jpeg; path = snsd4.jpg; sourceTree = "<group>"; };
		00F75589187A8AA100A98804 /* snsd5.jpg */ = {isa = PBXFileReference; lastKnownFileType = image.jpeg; path = snsd5.jpg; sourceTree = "<group>"; };
		00F7558A187A8AA100A98804 /* snsd6.jpg */ = {isa = PBXFileReference; lastKnownFileType = image.jpeg; path = snsd6.jpg; sourceTree = "<group>"; };
		00F7558B187A8AA100A98804 /* snsd7.jpg */ = {isa = PBXFileReference; lastKnownFileType = image.jpeg; path = snsd7.jpg; sourceTree = "<group>"; };
		00F7558C187A8AA100A98804 /* snsd8.jpg */ = {isa = PBXFileReference; lastKnownFileType = image.jpeg; path = snsd8.jpg; sourceTree = "<group>"; };
		00F7558D187A8AA100A98804 /* snsd9.jpg */ = {isa = PBXFileReference; lastKnownFileType = image.jpeg; path = snsd9.jpg; sourceTree = "<group>"; };
/* End PBXFileReference section */

/* Begin PBXFrameworksBuildPhase section */
		00F75509187A7C9800A98804 /* Frameworks */ = {
			isa = PBXFrameworksBuildPhase;
			buildActionMask = 2147483647;
			files = (
				00F75512187A7C9800A98804 /* CoreGraphics.framework in Frameworks */,
				00F75514187A7C9800A98804 /* UIKit.framework in Frameworks */,
				00F75510187A7C9800A98804 /* Foundation.framework in Frameworks */,
			);
			runOnlyForDeploymentPostprocessing = 0;
		};
		00F7552A187A7C9900A98804 /* Frameworks */ = {
			isa = PBXFrameworksBuildPhase;
			buildActionMask = 2147483647;
			files = (
				00F7552F187A7C9900A98804 /* XCTest.framework in Frameworks */,
				00F75531187A7C9900A98804 /* UIKit.framework in Frameworks */,
				00F75530187A7C9900A98804 /* Foundation.framework in Frameworks */,
			);
			runOnlyForDeploymentPostprocessing = 0;
		};
/* End PBXFrameworksBuildPhase section */

/* Begin PBXGroup section */
		00F75503187A7C9800A98804 = {
			isa = PBXGroup;
			children = (
				00F75515187A7C9800A98804 /* ImagePickerView */,
				00F75534187A7C9900A98804 /* ImagePickerViewTests */,
				00F7550E187A7C9800A98804 /* Frameworks */,
				00F7550D187A7C9800A98804 /* Products */,
			);
			sourceTree = "<group>";
		};
		00F7550D187A7C9800A98804 /* Products */ = {
			isa = PBXGroup;
			children = (
				00F7550C187A7C9800A98804 /* ImagePickerView.app */,
				00F7552D187A7C9900A98804 /* ImagePickerViewTests.xctest */,
			);
			name = Products;
			sourceTree = "<group>";
		};
		00F7550E187A7C9800A98804 /* Frameworks */ = {
			isa = PBXGroup;
			children = (
				00F7550F187A7C9800A98804 /* Foundation.framework */,
				00F75511187A7C9800A98804 /* CoreGraphics.framework */,
				00F75513187A7C9800A98804 /* UIKit.framework */,
				00F7552E187A7C9900A98804 /* XCTest.framework */,
			);
			name = Frameworks;
			sourceTree = "<group>";
		};
		00F75515187A7C9800A98804 /* ImagePickerView */ = {
			isa = PBXGroup;
			children = (
				00F7551E187A7C9800A98804 /* AppDelegate.h */,
				00F7551F187A7C9800A98804 /* AppDelegate.m */,
				00F75521187A7C9800A98804 /* Main.storyboard */,
				00F75524187A7C9800A98804 /* ViewController.h */,
				00F75525187A7C9800A98804 /* ViewController.m */,
				00F75527187A7C9800A98804 /* Images.xcassets */,
				00F75516187A7C9800A98804 /* Supporting Files */,
			);
			path = ImagePickerView;
			sourceTree = "<group>";
		};
		00F75516187A7C9800A98804 /* Supporting Files */ = {
			isa = PBXGroup;
			children = (
				00F75585187A8AA100A98804 /* snsd1.jpg */,
				00F75586187A8AA100A98804 /* snsd2.jpg */,
				00F75587187A8AA100A98804 /* snsd3.jpg */,
				00F75588187A8AA100A98804 /* snsd4.jpg */,
				00F75589187A8AA100A98804 /* snsd5.jpg */,
				00F7558A187A8AA100A98804 /* snsd6.jpg */,
				00F7558B187A8AA100A98804 /* snsd7.jpg */,
				00F7558C187A8AA100A98804 /* snsd8.jpg */,
				00F7558D187A8AA100A98804 /* snsd9.jpg */,
				00F75517187A7C9800A98804 /* ImagePickerView-Info.plist */,
				00F75518187A7C9800A98804 /* InfoPlist.strings */,
				00F7551B187A7C9800A98804 /* main.m */,
				00F7551D187A7C9800A98804 /* ImagePickerView-Prefix.pch */,
			);
			name = "Supporting Files";
			sourceTree = "<group>";
		};
		00F75534187A7C9900A98804 /* ImagePickerViewTests */ = {
			isa = PBXGroup;
			children = (
				00F7553A187A7C9900A98804 /* ImagePickerViewTests.m */,
				00F75535187A7C9900A98804 /* Supporting Files */,
			);
			path = ImagePickerViewTests;
			sourceTree = "<group>";
		};
		00F75535187A7C9900A98804 /* Supporting Files */ = {
			isa = PBXGroup;
			children = (
				00F75536187A7C9900A98804 /* ImagePickerViewTests-Info.plist */,
				00F75537187A7C9900A98804 /* InfoPlist.strings */,
			);
			name = "Supporting Files";
			sourceTree = "<group>";
		};
/* End PBXGroup section */

/* Begin PBXNativeTarget section */
		00F7550B187A7C9800A98804 /* ImagePickerView */ = {
			isa = PBXNativeTarget;
			buildConfigurationList = 00F7553E187A7C9900A98804 /* Build configuration list for PBXNativeTarget "ImagePickerView" */;
			buildPhases = (
				00F75508187A7C9800A98804 /* Sources */,
				00F75509187A7C9800A98804 /* Frameworks */,
				00F7550A187A7C9800A98804 /* Resources */,
			);
			buildRules = (
			);
			dependencies = (
			);
			name = ImagePickerView;
			productName = ImagePickerView;
			productReference = 00F7550C187A7C9800A98804 /* ImagePickerView.app */;
			productType = "com.apple.product-type.application";
		};
		00F7552C187A7C9900A98804 /* ImagePickerViewTests */ = {
			isa = PBXNativeTarget;
			buildConfigurationList = 00F75541187A7C9900A98804 /* Build configuration list for PBXNativeTarget "ImagePickerViewTests" */;
			buildPhases = (
				00F75529187A7C9900A98804 /* Sources */,
				00F7552A187A7C9900A98804 /* Frameworks */,
				00F7552B187A7C9900A98804 /* Resources */,
			);
			buildRules = (
			);
			dependencies = (
				00F75533187A7C9900A98804 /* PBXTargetDependency */,
			);
			name = ImagePickerViewTests;
			productName = ImagePickerViewTests;
			productReference = 00F7552D187A7C9900A98804 /* ImagePickerViewTests.xctest */;
			productType = "com.apple.product-type.bundle.unit-test";
		};
/* End PBXNativeTarget section */

/* Begin PBXProject section */
		00F75504187A7C9800A98804 /* Project object */ = {
			isa = PBXProject;
			attributes = {
				LastUpgradeCheck = 0500;
				ORGANIZATIONNAME = "SDT-1";
				TargetAttributes = {
					00F7552C187A7C9900A98804 = {
						TestTargetID = 00F7550B187A7C9800A98804;
					};
				};
			};
			buildConfigurationList = 00F75507187A7C9800A98804 /* Build configuration list for PBXProject "ImagePickerView" */;
			compatibilityVersion = "Xcode 3.2";
			developmentRegion = English;
			hasScannedForEncodings = 0;
			knownRegions = (
				en,
				Base,
			);
			mainGroup = 00F75503187A7C9800A98804;
			productRefGroup = 00F7550D187A7C9800A98804 /* Products */;
			projectDirPath = "";
			projectRoot = "";
			targets = (
				00F7550B187A7C9800A98804 /* ImagePickerView */,
				00F7552C187A7C9900A98804 /* ImagePickerViewTests */,
			);
		};
/* End PBXProject section */

/* Begin PBXResourcesBuildPhase section */
		00F7550A187A7C9800A98804 /* Resources */ = {
			isa = PBXResourcesBuildPhase;
			buildActionMask = 2147483647;
			files = (
				00F75528187A7C9800A98804 /* Images.xcassets in Resources */,
				00F75596187A8AA100A98804 /* snsd9.jpg in Resources */,
				00F75593187A8AA100A98804 /* snsd6.jpg in Resources */,
				00F75590187A8AA100A98804 /* snsd3.jpg in Resources */,
				00F7558E187A8AA100A98804 /* snsd1.jpg in Resources */,
				00F7551A187A7C9800A98804 /* InfoPlist.strings in Resources */,
				00F75595187A8AA100A98804 /* snsd8.jpg in Resources */,
				00F75523187A7C9800A98804 /* Main.storyboard in Resources */,
				00F75592187A8AA100A98804 /* snsd5.jpg in Resources */,
				00F75591187A8AA100A98804 /* snsd4.jpg in Resources */,
				00F7558F187A8AA100A98804 /* snsd2.jpg in Resources */,
				00F75594187A8AA100A98804 /* snsd7.jpg in Resources */,
			);
			runOnlyForDeploymentPostprocessing = 0;
		};
		00F7552B187A7C9900A98804 /* Resources */ = {
			isa = PBXResourcesBuildPhase;
			buildActionMask = 2147483647;
			files = (
				00F75539187A7C9900A98804 /* InfoPlist.strings in Resources */,
			);
			runOnlyForDeploymentPostprocessing = 0;
		};
/* End PBXResourcesBuildPhase section */

/* Begin PBXSourcesBuildPhase section */
		00F75508187A7C9800A98804 /* Sources */ = {
			isa = PBXSourcesBuildPhase;
			buildActionMask = 2147483647;
			files = (
				00F75526187A7C9800A98804 /* ViewController.m in Sources */,
				00F75520187A7C9800A98804 /* AppDelegate.m in Sources */,
				00F7551C187A7C9800A98804 /* main.m in Sources */,
			);
			runOnlyForDeploymentPostprocessing = 0;
		};
		00F75529187A7C9900A98804 /* Sources */ = {
			isa = PBXSourcesBuildPhase;
			buildActionMask = 2147483647;
			files = (
				00F7553B187A7C9900A98804 /* ImagePickerViewTests.m in Sources */,
			);
			runOnlyForDeploymentPostprocessing = 0;
		};
/* End PBXSourcesBuildPhase section */

/* Begin PBXTargetDependency section */
		00F75533187A7C9900A98804 /* PBXTargetDependency */ = {
			isa = PBXTargetDependency;
			target = 00F7550B187A7C9800A98804 /* ImagePickerView */;
			targetProxy = 00F75532187A7C9900A98804 /* PBXContainerItemProxy */;
		};
/* End PBXTargetDependency section */

/* Begin PBXVariantGroup section */
		00F75518187A7C9800A98804 /* InfoPlist.strings */ = {
			isa = PBXVariantGroup;
			children = (
				00F75519187A7C9800A98804 /* en */,
			);
			name = InfoPlist.strings;
			sourceTree = "<group>";
		};
		00F75521187A7C9800A98804 /* Main.storyboard */ = {
			isa = PBXVariantGroup;
			children = (
				00F75522187A7C9800A98804 /* Base */,
			);
			name = Main.storyboard;
			sourceTree = "<group>";
		};
		00F75537187A7C9900A98804 /* InfoPlist.strings */ = {
			isa = PBXVariantGroup;
			children = (
				00F75538187A7C9900A98804 /* en */,
			);
			name = InfoPlist.strings;
			sourceTree = "<group>";
		};
/* End PBXVariantGroup section */

/* Begin XCBuildConfiguration section */
		00F7553C187A7C9900A98804 /* Debug */ = {
			isa = XCBuildConfiguration;
			buildSettings = {
				ALWAYS_SEARCH_USER_PATHS = NO;
				ARCHS = "$(ARCHS_STANDARD_INCLUDING_64_BIT)";
				CLANG_CXX_LANGUAGE_STANDARD = "gnu++0x";
				CLANG_CXX_LIBRARY = "libc++";
				CLANG_ENABLE_MODULES = YES;
				CLANG_ENABLE_OBJC_ARC = YES;
				CLANG_WARN_BOOL_CONVERSION = YES;
				CLANG_WARN_CONSTANT_CONVERSION = YES;
				CLANG_WARN_DIRECT_OBJC_ISA_USAGE = YES_ERROR;
				CLANG_WARN_EMPTY_BODY = YES;
				CLANG_WARN_ENUM_CONVERSION = YES;
				CLANG_WARN_INT_CONVERSION = YES;
				CLANG_WARN_OBJC_ROOT_CLASS = YES_ERROR;
				CLANG_WARN__DUPLICATE_METHOD_MATCH = YES;
				"CODE_SIGN_IDENTITY[sdk=iphoneos*]" = "iPhone Developer";
				COPY_PHASE_STRIP = NO;
				GCC_C_LANGUAGE_STANDARD = gnu99;
				GCC_DYNAMIC_NO_PIC = NO;
				GCC_OPTIMIZATION_LEVEL = 0;
				GCC_PREPROCESSOR_DEFINITIONS = (
					"DEBUG=1",
					"$(inherited)",
				);
				GCC_SYMBOLS_PRIVATE_EXTERN = NO;
				GCC_WARN_64_TO_32_BIT_CONVERSION = YES;
				GCC_WARN_ABOUT_RETURN_TYPE = YES_ERROR;
				GCC_WARN_UNDECLARED_SELECTOR = YES;
				GCC_WARN_UNINITIALIZED_AUTOS = YES;
				GCC_WARN_UNUSED_FUNCTION = YES;
				GCC_WARN_UNUSED_VARIABLE = YES;
				IPHONEOS_DEPLOYMENT_TARGET = 7.0;
				ONLY_ACTIVE_ARCH = YES;
				SDKROOT = iphoneos;
			};
			name = Debug;
		};
		00F7553D187A7C9900A98804 /* Release */ = {
			isa = XCBuildConfiguration;
			buildSettings = {
				ALWAYS_SEARCH_USER_PATHS = NO;
				ARCHS = "$(ARCHS_STANDARD_INCLUDING_64_BIT)";
				CLANG_CXX_LANGUAGE_STANDARD = "gnu++0x";
				CLANG_CXX_LIBRARY = "libc++";
				CLANG_ENABLE_MODULES = YES;
				CLANG_ENABLE_OBJC_ARC = YES;
				CLANG_WARN_BOOL_CONVERSION = YES;
				CLANG_WARN_CONSTANT_CONVERSION = YES;
				CLANG_WARN_DIRECT_OBJC_ISA_USAGE = YES_ERROR;
				CLANG_WARN_EMPTY_BODY = YES;
				CLANG_WARN_ENUM_CONVERSION = YES;
				CLANG_WARN_INT_CONVERSION = YES;
				CLANG_WARN_OBJC_ROOT_CLASS = YES_ERROR;
				CLANG_WARN__DUPLICATE_METHOD_MATCH = YES;
				"CODE_SIGN_IDENTITY[sdk=iphoneos*]" = "iPhone Developer";
				COPY_PHASE_STRIP = YES;
				ENABLE_NS_ASSERTIONS = NO;
				GCC_C_LANGUAGE_STANDARD = gnu99;
				GCC_WARN_64_TO_32_BIT_CONVERSION = YES;
				GCC_WARN_ABOUT_RETURN_TYPE = YES_ERROR;
				GCC_WARN_UNDECLARED_SELECTOR = YES;
				GCC_WARN_UNINITIALIZED_AUTOS = YES;
				GCC_WARN_UNUSED_FUNCTION = YES;
				GCC_WARN_UNUSED_VARIABLE = YES;
				IPHONEOS_DEPLOYMENT_TARGET = 7.0;
				SDKROOT = iphoneos;
				VALIDATE_PRODUCT = YES;
			};
			name = Release;
		};
		00F7553F187A7C9900A98804 /* Debug */ = {
			isa = XCBuildConfiguration;
			buildSettings = {
				ASSETCATALOG_COMPILER_APPICON_NAME = AppIcon;
				ASSETCATALOG_COMPILER_LAUNCHIMAGE_NAME = LaunchImage;
				GCC_PRECOMPILE_PREFIX_HEADER = YES;
				GCC_PREFIX_HEADER = "ImagePickerView/ImagePickerView-Prefix.pch";
				INFOPLIST_FILE = "ImagePickerView/ImagePickerView-Info.plist";
				PRODUCT_NAME = "$(TARGET_NAME)";
				WRAPPER_EXTENSION = app;
			};
			name = Debug;
		};
		00F75540187A7C9900A98804 /* Release */ = {
			isa = XCBuildConfiguration;
			buildSettings = {
				ASSETCATALOG_COMPILER_APPICON_NAME = AppIcon;
				ASSETCATALOG_COMPILER_LAUNCHIMAGE_NAME = LaunchImage;
				GCC_PRECOMPILE_PREFIX_HEADER = YES;
				GCC_PREFIX_HEADER = "ImagePickerView/ImagePickerView-Prefix.pch";
				INFOPLIST_FILE = "ImagePickerView/ImagePickerView-Info.plist";
				PRODUCT_NAME = "$(TARGET_NAME)";
				WRAPPER_EXTENSION = app;
			};
			name = Release;
		};
		00F75542187A7C9900A98804 /* Debug */ = {
			isa = XCBuildConfiguration;
			buildSettings = {
				ARCHS = "$(ARCHS_STANDARD_INCLUDING_64_BIT)";
				BUNDLE_LOADER = "$(BUILT_PRODUCTS_DIR)/ImagePickerView.app/ImagePickerView";
				FRAMEWORK_SEARCH_PATHS = (
					"$(SDKROOT)/Developer/Library/Frameworks",
					"$(inherited)",
					"$(DEVELOPER_FRAMEWORKS_DIR)",
				);
				GCC_PRECOMPILE_PREFIX_HEADER = YES;
				GCC_PREFIX_HEADER = "ImagePickerView/ImagePickerView-Prefix.pch";
				GCC_PREPROCESSOR_DEFINITIONS = (
					"DEBUG=1",
					"$(inherited)",
				);
				INFOPLIST_FILE = "ImagePickerViewTests/ImagePickerViewTests-Info.plist";
				PRODUCT_NAME = "$(TARGET_NAME)";
				TEST_HOST = "$(BUNDLE_LOADER)";
				WRAPPER_EXTENSION = xctest;
			};
			name = Debug;
		};
		00F75543187A7C9900A98804 /* Release */ = {
			isa = XCBuildConfiguration;
			buildSettings = {
				ARCHS = "$(ARCHS_STANDARD_INCLUDING_64_BIT)";
				BUNDLE_LOADER = "$(BUILT_PRODUCTS_DIR)/ImagePickerView.app/ImagePickerView";
				FRAMEWORK_SEARCH_PATHS = (
					"$(SDKROOT)/Developer/Library/Frameworks",
					"$(inherited)",
					"$(DEVELOPER_FRAMEWORKS_DIR)",
				);
				GCC_PRECOMPILE_PREFIX_HEADER = YES;
				GCC_PREFIX_HEADER = "ImagePickerView/ImagePickerView-Prefix.pch";
				INFOPLIST_FILE = "ImagePickerViewTests/ImagePickerViewTests-Info.plist";
				PRODUCT_NAME = "$(TARGET_NAME)";
				TEST_HOST = "$(BUNDLE_LOADER)";
				WRAPPER_EXTENSION = xctest;
			};
			name = Release;
		};
/* End XCBuildConfiguration section */

/* Begin XCConfigurationList section */
		00F75507187A7C9800A98804 /* Build configuration list for PBXProject "ImagePickerView" */ = {
			isa = XCConfigurationList;
			buildConfigurations = (
				00F7553C187A7C9900A98804 /* Debug */,
				00F7553D187A7C9900A98804 /* Release */,
			);
			defaultConfigurationIsVisible = 0;
			defaultConfigurationName = Release;
		};
		00F7553E187A7C9900A98804 /* Build configuration list for PBXNativeTarget "ImagePickerView" */ = {
			isa = XCConfigurationList;
			buildConfigurations = (
				00F7553F187A7C9900A98804 /* Debug */,
				00F75540187A7C9900A98804 /* Release */,
			);
			defaultConfigurationIsVisible = 0;
		};
		00F75541187A7C9900A98804 /* Build configuration list for PBXNativeTarget "ImagePickerViewTests" */ = {
			isa = XCConfigurationList;
			buildConfigurations = (
				00F75542187A7C9900A98804 /* Debug */,
				00F75543187A7C9900A98804 /* Release */,
			);
			defaultConfigurationIsVisible = 0;
		};
/* End XCConfigurationList section */
	};
	rootObject = 00F75504187A7C9800A98804 /* Project object */;
}
